# This file is automatically @generated by Cargo.
# It is not intended for manual editing.
[[package]]
name = "cfg-if"
version = "1.0.0"
source = "registry+https://github.com/rust-lang/crates.io-index"
checksum = "baf1de4339761588bc0619e3cbc0120ee582ebb74b53b4efbf79117bd2da40fd"

[[package]]
name = "crc32fast"
version = "1.2.1"
source = "registry+https://github.com/rust-lang/crates.io-index"
checksum = "81156fece84ab6a9f2afdb109ce3ae577e42b1228441eded99bd77f627953b1a"
dependencies = [
 "cfg-if",
]

[[package]]
name = "grammers-tl-parser"
version = "1.0.1"
source = "registry+https://github.com/rust-lang/crates.io-index"
checksum = "58dfcda1464ce6f2d7fd9d2ef5525f341effe8611bcd80590e963eac5021362e"
dependencies = [
 "crc32fast",
]

[[package]]
name = "tdgrand"
version = "0.1.0"
dependencies = [
 "grammers-tl-parser",
 "tdgrand-tl-gen",
]

[[package]]
name = "tdgrand-tl-gen"
version = "0.1.0"
dependencies = [
 "grammers-tl-parser",
]
